{
  "name": "monorepo-release",
  "version": "1.0.0",
  "lockfileVersion": 3,
  "requires": true,
  "packages": {
    "": {
      "name": "monorepo-release",
      "version": "1.0.0",
      "license": "ISC",
      "workspaces": [
        "packages/*"
      ]
    },
    "node_modules/@nalpan/module-a": {
      "resolved": "packages/moduleA",
      "link": true
    },
    "packages/moduleA": {
      "name": "@nalpan/module-a",
      "version": "1.0.0"
    }
  }
}
